
Microsoft Visual Studio Solution File, Format Version 12.00
# Visual Studio Version 16
VisualStudioVersion = 16.0.29102.190
MinimumVisualStudioVersion = 10.0.40219.1
Project("{FAE04EC0-301F-11D3-BF4B-00C04F79EFBC}") = "StudentManagement", "StudentManagement\StudentManagement.csproj", "{A202C31F-D16C-45EB-AAC7-0A2E4A1661C9}"
EndProject
Global
	GlobalSection(SolutionConfigurationPlatforms) = preSolution
		Debug|Any CPU = Debug|Any CPU
		Release|Any CPU = Release|Any CPU
	EndGlobalSection
	GlobalSection(ProjectConfigurationPlatforms) = postSolution
		{A202C31F-D16C-45EB-AAC7-0A2E4A1661C9}.Debug|Any CPU.ActiveCfg = Debug|Any CPU
		{A202C31F-D16C-45EB-AAC7-0A2E4A1661C9}.Debug|Any CPU.Build.0 = Debug|Any CPU
		{A202C31F-D16C-45EB-AAC7-0A2E4A1661C9}.Release|Any CPU.ActiveCfg = Release|Any CPU
		{A202C31F-D16C-45EB-AAC7-0A2E4A1661C9}.Release|Any CPU.Build.0 = Release|Any CPU
	EndGlobalSection
	GlobalSection(SolutionProperties) = preSolution
		HideSolutionNode = FALSE
	EndGlobalSection
	GlobalSection(ExtensibilityGlobals) = postSolution
		SolutionGuid = {8587FB71-4279-490F-9734-D9BCE70D2EF5}
	EndGlobalSection
EndGlobal
